// !$*UTF8*$!
{
	archiveVersion = 1;
	classes = {
	};
	objectVersion = 50;
	objects = {

/* Begin PBXBuildFile section */
		C87922A62418BBEB00BE2F30 /* AppDelegate.swift in Sources */ = {isa = PBXBuildFile; fileRef = C87922A52418BBEB00BE2F30 /* AppDelegate.swift */; };
		C87922A82418BBEB00BE2F30 /* SceneDelegate.swift in Sources */ = {isa = PBXBuildFile; fileRef = C87922A72418BBEB00BE2F30 /* SceneDelegate.swift */; };
		C87922AA2418BBEB00BE2F30 /* ViewController.swift in Sources */ = {isa = PBXBuildFile; fileRef = C87922A92418BBEB00BE2F30 /* ViewController.swift */; };
		C87922AD2418BBEB00BE2F30 /* Main.storyboard in Resources */ = {isa = PBXBuildFile; fileRef = C87922AB2418BBEB00BE2F30 /* Main.storyboard */; };
		C87922AF2418BBEC00BE2F30 /* Assets.xcassets in Resources */ = {isa = PBXBuildFile; fileRef = C87922AE2418BBEC00BE2F30 /* Assets.xcassets */; };
		C87922B22418BBEC00BE2F30 /* LaunchScreen.storyboard in Resources */ = {isa = PBXBuildFile; fileRef = C87922B02418BBEC00BE2F30 /* LaunchScreen.storyboard */; };
		C87922BD2418BBEC00BE2F30 /* AppTests.swift in Sources */ = {isa = PBXBuildFile; fileRef = C87922BC2418BBEC00BE2F30 /* AppTests.swift */; };
		C87922C82418BBEC00BE2F30 /* AppUITests.swift in Sources */ = {isa = PBXBuildFile; fileRef = C87922C72418BBEC00BE2F30 /* AppUITests.swift */; };
		C87922D82418BE7E00BE2F30 /* Nodle.png in Resources */ = {isa = PBXBuildFile; fileRef = C87922D72418BE7E00BE2F30 /* Nodle.png */; };
/* End PBXBuildFile section */

/* Begin PBXContainerItemProxy section */
		C87922B92418BBEC00BE2F30 /* PBXContainerItemProxy */ = {
			isa = PBXContainerItemProxy;
			containerPortal = C879229A2418BBEB00BE2F30 /* Project object */;
			proxyType = 1;
			remoteGlobalIDString = C87922A12418BBEB00BE2F30;
			remoteInfo = App;
		};
		C87922C42418BBEC00BE2F30 /* PBXContainerItemProxy */ = {
			isa = PBXContainerItemProxy;
			containerPortal = C879229A2418BBEB00BE2F30 /* Project object */;
			proxyType = 1;
			remoteGlobalIDString = C87922A12418BBEB00BE2F30;
			remoteInfo = App;
		};
/* End PBXContainerItemProxy section */

/* Begin PBXFileReference section */
		C87922A22418BBEB00BE2F30 /* App.app */ = {isa = PBXFileReference; explicitFileType = wrapper.application; includeInIndex = 0; path = App.app; sourceTree = BUILT_PRODUCTS_DIR; };
		C87922A52418BBEB00BE2F30 /* AppDelegate.swift */ = {isa = PBXFileReference; lastKnownFileType = sourcecode.swift; path = AppDelegate.swift; sourceTree = "<group>"; };
		C87922A72418BBEB00BE2F30 /* SceneDelegate.swift */ = {isa = PBXFileReference; lastKnownFileType = sourcecode.swift; path = SceneDelegate.swift; sourceTree = "<group>"; };
		C87922A92418BBEB00BE2F30 /* ViewController.swift */ = {isa = PBXFileReference; lastKnownFileType = sourcecode.swift; path = ViewController.swift; sourceTree = "<group>"; };
		C87922AC2418BBEB00BE2F30 /* Base */ = {isa = PBXFileReference; lastKnownFileType = file.storyboard; name = Base; path = Base.lproj/Main.storyboard; sourceTree = "<group>"; };
		C87922AE2418BBEC00BE2F30 /* Assets.xcassets */ = {isa = PBXFileReference; lastKnownFileType = folder.assetcatalog; path = Assets.xcassets; sourceTree = "<group>"; };
		C87922B12418BBEC00BE2F30 /* Base */ = {isa = PBXFileReference; lastKnownFileType = file.storyboard; name = Base; path = Base.lproj/LaunchScreen.storyboard; sourceTree = "<group>"; };
		C87922B32418BBEC00BE2F30 /* Info.plist */ = {isa = PBXFileReference; lastKnownFileType = text.plist.xml; path = Info.plist; sourceTree = "<group>"; };
		C87922B82418BBEC00BE2F30 /* AppTests.xctest */ = {isa = PBXFileReference; explicitFileType = wrapper.cfbundle; includeInIndex = 0; path = AppTests.xctest; sourceTree = BUILT_PRODUCTS_DIR; };
		C87922BC2418BBEC00BE2F30 /* AppTests.swift */ = {isa = PBXFileReference; lastKnownFileType = sourcecode.swift; path = AppTests.swift; sourceTree = "<group>"; };
		C87922BE2418BBEC00BE2F30 /* Info.plist */ = {isa = PBXFileReference; lastKnownFileType = text.plist.xml; path = Info.plist; sourceTree = "<group>"; };
		C87922C32418BBEC00BE2F30 /* AppUITests.xctest */ = {isa = PBXFileReference; explicitFileType = wrapper.cfbundle; includeInIndex = 0; path = AppUITests.xctest; sourceTree = BUILT_PRODUCTS_DIR; };
		C87922C72418BBEC00BE2F30 /* AppUITests.swift */ = {isa = PBXFileReference; lastKnownFileType = sourcecode.swift; path = AppUITests.swift; sourceTree = "<group>"; };
		C87922C92418BBEC00BE2F30 /* Info.plist */ = {isa = PBXFileReference; lastKnownFileType = text.plist.xml; path = Info.plist; sourceTree = "<group>"; };
		C87922D72418BE7E00BE2F30 /* Nodle.png */ = {isa = PBXFileReference; lastKnownFileType = image.png; path = Nodle.png; sourceTree = "<group>"; };
/* End PBXFileReference section */

/* Begin PBXFrameworksBuildPhase section */
		C879229F2418BBEB00BE2F30 /* Frameworks */ = {
			isa = PBXFrameworksBuildPhase;
			buildActionMask = 2147483647;
			files = (
			);
			runOnlyForDeploymentPostprocessing = 0;
		};
		C87922B52418BBEC00BE2F30 /* Frameworks */ = {
			isa = PBXFrameworksBuildPhase;
			buildActionMask = 2147483647;
			files = (
			);
			runOnlyForDeploymentPostprocessing = 0;
		};
		C87922C02418BBEC00BE2F30 /* Frameworks */ = {
			isa = PBXFrameworksBuildPhase;
			buildActionMask = 2147483647;
			files = (
			);
			runOnlyForDeploymentPostprocessing = 0;
		};
/* End PBXFrameworksBuildPhase section */

/* Begin PBXGroup section */
		C87922992418BBEB00BE2F30 = {
			isa = PBXGroup;
			children = (
				C87922A42418BBEB00BE2F30 /* App */,
				C87922BB2418BBEC00BE2F30 /* AppTests */,
				C87922C62418BBEC00BE2F30 /* AppUITests */,
				C87922A32418BBEB00BE2F30 /* Products */,
			);
			sourceTree = "<group>";
		};
		C87922A32418BBEB00BE2F30 /* Products */ = {
			isa = PBXGroup;
			children = (
				C87922A22418BBEB00BE2F30 /* App.app */,
				C87922B82418BBEC00BE2F30 /* AppTests.xctest */,
				C87922C32418BBEC00BE2F30 /* AppUITests.xctest */,
			);
			name = Products;
			sourceTree = "<group>";
		};
		C87922A42418BBEB00BE2F30 /* App */ = {
			isa = PBXGroup;
			children = (
				C87922A52418BBEB00BE2F30 /* AppDelegate.swift */,
				C87922A72418BBEB00BE2F30 /* SceneDelegate.swift */,
				C87922A92418BBEB00BE2F30 /* ViewController.swift */,
				C87922AB2418BBEB00BE2F30 /* Main.storyboard */,
				C87922D72418BE7E00BE2F30 /* Nodle.png */,
				C87922AE2418BBEC00BE2F30 /* Assets.xcassets */,
				C87922B02418BBEC00BE2F30 /* LaunchScreen.storyboard */,
				C87922B32418BBEC00BE2F30 /* Info.plist */,
			);
			path = App;
			sourceTree = "<group>";
		};
		C87922BB2418BBEC00BE2F30 /* AppTests */ = {
			isa = PBXGroup;
			children = (
				C87922BC2418BBEC00BE2F30 /* AppTests.swift */,
				C87922BE2418BBEC00BE2F30 /* Info.plist */,
			);
			path = AppTests;
			sourceTree = "<group>";
		};
		C87922C62418BBEC00BE2F30 /* AppUITests */ = {
			isa = PBXGroup;
			children = (
				C87922C72418BBEC00BE2F30 /* AppUITests.swift */,
				C87922C92418BBEC00BE2F30 /* Info.plist */,
			);
			path = AppUITests;
			sourceTree = "<group>";
		};
/* End PBXGroup section */

/* Begin PBXNativeTarget section */
		C87922A12418BBEB00BE2F30 /* App */ = {
			isa = PBXNativeTarget;
			buildConfigurationList = C87922CC2418BBEC00BE2F30 /* Build configuration list for PBXNativeTarget "App" */;
			buildPhases = (
				C879229E2418BBEB00BE2F30 /* Sources */,
				C879229F2418BBEB00BE2F30 /* Frameworks */,
				C87922A02418BBEB00BE2F30 /* Resources */,
			);
			buildRules = (
			);
			dependencies = (
			);
			name = App;
			productName = App;
			productReference = C87922A22418BBEB00BE2F30 /* App.app */;
			productType = "com.apple.product-type.application";
		};
		C87922B72418BBEC00BE2F30 /* AppTests */ = {
			isa = PBXNativeTarget;
			buildConfigurationList = C87922CF2418BBEC00BE2F30 /* Build configuration list for PBXNativeTarget "AppTests" */;
			buildPhases = (
				C87922B42418BBEC00BE2F30 /* Sources */,
				C87922B52418BBEC00BE2F30 /* Frameworks */,
				C87922B62418BBEC00BE2F30 /* Resources */,
			);
			buildRules = (
			);
			dependencies = (
				C87922BA2418BBEC00BE2F30 /* PBXTargetDependency */,
			);
			name = AppTests;
			productName = AppTests;
			productReference = C87922B82418BBEC00BE2F30 /* AppTests.xctest */;
			productType = "com.apple.product-type.bundle.unit-test";
		};
		C87922C22418BBEC00BE2F30 /* AppUITests */ = {
			isa = PBXNativeTarget;
			buildConfigurationList = C87922D22418BBEC00BE2F30 /* Build configuration list for PBXNativeTarget "AppUITests" */;
			buildPhases = (
				C87922BF2418BBEC00BE2F30 /* Sources */,
				C87922C02418BBEC00BE2F30 /* Frameworks */,
				C87922C12418BBEC00BE2F30 /* Resources */,
			);
			buildRules = (
			);
			dependencies = (
				C87922C52418BBEC00BE2F30 /* PBXTargetDependency */,
			);
			name = AppUITests;
			productName = AppUITests;
			productReference = C87922C32418BBEC00BE2F30 /* AppUITests.xctest */;
			productType = "com.apple.product-type.bundle.ui-testing";
		};
/* End PBXNativeTarget section */

/* Begin PBXProject section */
		C879229A2418BBEB00BE2F30 /* Project object */ = {
			isa = PBXProject;
			attributes = {
				LastSwiftUpdateCheck = 1130;
				LastUpgradeCheck = 1130;
				ORGANIZATIONNAME = mac07;
				TargetAttributes = {
					C87922A12418BBEB00BE2F30 = {
						CreatedOnToolsVersion = 11.3.1;
					};
					C87922B72418BBEC00BE2F30 = {
						CreatedOnToolsVersion = 11.3.1;
						TestTargetID = C87922A12418BBEB00BE2F30;
					};
					C87922C22418BBEC00BE2F30 = {
						CreatedOnToolsVersion = 11.3.1;
						TestTargetID = C87922A12418BBEB00BE2F30;
					};
				};
			};
			buildConfigurationList = C879229D2418BBEB00BE2F30 /* Build configuration list for PBXProject "App" */;
			compatibilityVersion = "Xcode 9.3";
			developmentRegion = en;
			hasScannedForEncodings = 0;
			knownRegions = (
				en,
				Base,
			);
			mainGroup = C87922992418BBEB00BE2F30;
			productRefGroup = C87922A32418BBEB00BE2F30 /* Products */;
			projectDirPath = "";
			projectRoot = "";
			targets = (
				C87922A12418BBEB00BE2F30 /* App */,
				C87922B72418BBEC00BE2F30 /* AppTests */,
				C87922C22418BBEC00BE2F30 /* AppUITests */,
			);
		};
/* End PBXProject section */

/* Begin PBXResourcesBuildPhase section */
		C87922A02418BBEB00BE2F30 /* Resources */ = {
			isa = PBXResourcesBuildPhase;
			buildActionMask = 2147483647;
			files = (
				C87922B22418BBEC00BE2F30 /* LaunchScreen.storyboard in Resources */,
				C87922AF2418BBEC00BE2F30 /* Assets.xcassets in Resources */,
				C87922D82418BE7E00BE2F30 /* Nodle.png in Resources */,
				C87922AD2418BBEB00BE2F30 /* Main.storyboard in Resources */,
			);
			runOnlyForDeploymentPostprocessing = 0;
		};
		C87922B62418BBEC00BE2F30 /* Resources */ = {
			isa = PBXResourcesBuildPhase;
			buildActionMask = 2147483647;
			files = (
			);
			runOnlyForDeploymentPostprocessing = 0;
		};
		C87922C12418BBEC00BE2F30 /* Resources */ = {
			isa = PBXResourcesBuildPhase;
			buildActionMask = 2147483647;
			files = (
			);
			runOnlyForDeploymentPostprocessing = 0;
		};
/* End PBXResourcesBuildPhase section */

/* Begin PBXSourcesBuildPhase section */
		C879229E2418BBEB00BE2F30 /* Sources */ = {
			isa = PBXSourcesBuildPhase;
			buildActionMask = 2147483647;
			files = (
				C87922AA2418BBEB00BE2F30 /* ViewController.swift in Sources */,
				C87922A62418BBEB00BE2F30 /* AppDelegate.swift in Sources */,
				C87922A82418BBEB00BE2F30 /* SceneDelegate.swift in Sources */,
			);
			runOnlyForDeploymentPostprocessing = 0;
		};
		C87922B42418BBEC00BE2F30 /* Sources */ = {
			isa = PBXSourcesBuildPhase;
			buildActionMask = 2147483647;
			files = (
				C87922BD2418BBEC00BE2F30 /* AppTests.swift in Sources */,
			);
			runOnlyForDeploymentPostprocessing = 0;
		};
		C87922BF2418BBEC00BE2F30 /* Sources */ = {
			isa = PBXSourcesBuildPhase;
			buildActionMask = 2147483647;
			files = (
				C87922C82418BBEC00BE2F30 /* AppUITests.swift in Sources */,
			);
			runOnlyForDeploymentPostprocessing = 0;
		};
/* End PBXSourcesBuildPhase section */

/* Begin PBXTargetDependency section */
		C87922BA2418BBEC00BE2F30 /* PBXTargetDependency */ = {
			isa = PBXTargetDependency;
			target = C87922A12418BBEB00BE2F30 /* App */;
			targetProxy = C87922B92418BBEC00BE2F30 /* PBXContainerItemProxy */;
		};
		C87922C52418BBEC00BE2F30 /* PBXTargetDependency */ = {
			isa = PBXTargetDependency;
			target = C87922A12418BBEB00BE2F30 /* App */;
			targetProxy = C87922C42418BBEC00BE2F30 /* PBXContainerItemProxy */;
		};
/* End PBXTargetDependency section */

/* Begin PBXVariantGroup section */
		C87922AB2418BBEB00BE2F30 /* Main.storyboard */ = {
			isa = PBXVariantGroup;
			children = (
				C87922AC2418BBEB00BE2F30 /* Base */,
			);
			name = Main.storyboard;
			sourceTree = "<group>";
		};
		C87922B02418BBEC00BE2F30 /* LaunchScreen.storyboard */ = {
			isa = PBXVariantGroup;
			children = (
				C87922B12418BBEC00BE2F30 /* Base */,
			);
			name = LaunchScreen.storyboard;
			sourceTree = "<group>";
		};
/* End PBXVariantGroup section */

/* Begin XCBuildConfiguration section */
		C87922CA2418BBEC00BE2F30 /* Debug */ = {
			isa = XCBuildConfiguration;
			buildSettings = {
				ALWAYS_SEARCH_USER_PATHS = NO;
				CLANG_ANALYZER_NONNULL = YES;
				CLANG_ANALYZER_NUMBER_OBJECT_CONVERSION = YES_AGGRESSIVE;
				CLANG_CXX_LANGUAGE_STANDARD = "gnu++14";
				CLANG_CXX_LIBRARY = "libc++";
				CLANG_ENABLE_MODULES = YES;
				CLANG_ENABLE_OBJC_ARC = YES;
				CLANG_ENABLE_OBJC_WEAK = YES;
				CLANG_WARN_BLOCK_CAPTURE_AUTORELEASING = YES;
				CLANG_WARN_BOOL_CONVERSION = YES;
				CLANG_WARN_COMMA = YES;
				CLANG_WARN_CONSTANT_CONVERSION = YES;
				CLANG_WARN_DEPRECATED_OBJC_IMPLEMENTATIONS = YES;
				CLANG_WARN_DIRECT_OBJC_ISA_USAGE = YES_ERROR;
				CLANG_WARN_DOCUMENTATION_COMMENTS = YES;
				CLANG_WARN_EMPTY_BODY = YES;
				CLANG_WARN_ENUM_CONVERSION = YES;
				CLANG_WARN_INFINITE_RECURSION = YES;
				CLANG_WARN_INT_CONVERSION = YES;
				CLANG_WARN_NON_LITERAL_NULL_CONVERSION = YES;
				CLANG_WARN_OBJC_IMPLICIT_RETAIN_SELF = YES;
				CLANG_WARN_OBJC_LITERAL_CONVERSION = YES;
				CLANG_WARN_OBJC_ROOT_CLASS = YES_ERROR;
				CLANG_WARN_RANGE_LOOP_ANALYSIS = YES;
				CLANG_WARN_STRICT_PROTOTYPES = YES;
				CLANG_WARN_SUSPICIOUS_MOVE = YES;
				CLANG_WARN_UNGUARDED_AVAILABILITY = YES_AGGRESSIVE;
				CLANG_WARN_UNREACHABLE_CODE = YES;
				CLANG_WARN__DUPLICATE_METHOD_MATCH = YES;
				COPY_PHASE_STRIP = NO;
				DEBUG_INFORMATION_FORMAT = dwarf;
				ENABLE_STRICT_OBJC_MSGSEND = YES;
				ENABLE_TESTABILITY = YES;
				GCC_C_LANGUAGE_STANDARD = gnu11;
				GCC_DYNAMIC_NO_PIC = NO;
				GCC_NO_COMMON_BLOCKS = YES;
				GCC_OPTIMIZATION_LEVEL = 0;
				GCC_PREPROCESSOR_DEFINITIONS = (
					"DEBUG=1",
					"$(inherited)",
				);
				GCC_WARN_64_TO_32_BIT_CONVERSION = YES;
				GCC_WARN_ABOUT_RETURN_TYPE = YES_ERROR;
				GCC_WARN_UNDECLARED_SELECTOR = YES;
				GCC_WARN_UNINITIALIZED_AUTOS = YES_AGGRESSIVE;
				GCC_WARN_UNUSED_FUNCTION = YES;
				GCC_WARN_UNUSED_VARIABLE = YES;
				IPHONEOS_DEPLOYMENT_TARGET = 13.2;
				MTL_ENABLE_DEBUG_INFO = INCLUDE_SOURCE;
				MTL_FAST_MATH = YES;
				ONLY_ACTIVE_ARCH = YES;
				SDKROOT = iphoneos;
				SWIFT_ACTIVE_COMPILATION_CONDITIONS = DEBUG;
				SWIFT_OPTIMIZATION_LEVEL = "-Onone";
			};
			name = Debug;
		};
		C87922CB2418BBEC00BE2F30 /* Release */ = {
			isa = XCBuildConfiguration;
			buildSettings = {
				ALWAYS_SEARCH_USER_PATHS = NO;
				CLANG_ANALYZER_NONNULL = YES;
				CLANG_ANALYZER_NUMBER_OBJECT_CONVERSION = YES_AGGRESSIVE;
				CLANG_CXX_LANGUAGE_STANDARD = "gnu++14";
				CLANG_CXX_LIBRARY = "libc++";
				CLANG_ENABLE_MODULES = YES;
				CLANG_ENABLE_OBJC_ARC = YES;
				CLANG_ENABLE_OBJC_WEAK = YES;
				CLANG_WARN_BLOCK_CAPTURE_AUTORELEASING = YES;
				CLANG_WARN_BOOL_CONVERSION = YES;
				CLANG_WARN_COMMA = YES;
				CLANG_WARN_CONSTANT_CONVERSION = YES;
				CLANG_WARN_DEPRECATED_OBJC_IMPLEMENTATIONS = YES;
				CLANG_WARN_DIRECT_OBJC_ISA_USAGE = YES_ERROR;
				CLANG_WARN_DOCUMENTATION_COMMENTS = YES;
				CLANG_WARN_EMPTY_BODY = YES;
				CLANG_WARN_ENUM_CONVERSION = YES;
				CLANG_WARN_INFINITE_RECURSION = YES;
				CLANG_WARN_INT_CONVERSION = YES;
				CLANG_WARN_NON_LITERAL_NULL_CONVERSION = YES;
				CLANG_WARN_OBJC_IMPLICIT_RETAIN_SELF = YES;
				CLANG_WARN_OBJC_LITERAL_CONVERSION = YES;
				CLANG_WARN_OBJC_ROOT_CLASS = YES_ERROR;
				CLANG_WARN_RANGE_LOOP_ANALYSIS = YES;
				CLANG_WARN_STRICT_PROTOTYPES = YES;
				CLANG_WARN_SUSPICIOUS_MOVE = YES;
				CLANG_WARN_UNGUARDED_AVAILABILITY = YES_AGGRESSIVE;
				CLANG_WARN_UNREACHABLE_CODE = YES;
				CLANG_WARN__DUPLICATE_METHOD_MATCH = YES;
				COPY_PHASE_STRIP = NO;
				DEBUG_INFORMATION_FORMAT = "dwarf-with-dsym";
				ENABLE_NS_ASSERTIONS = NO;
				ENABLE_STRICT_OBJC_MSGSEND = YES;
				GCC_C_LANGUAGE_STANDARD = gnu11;
				GCC_NO_COMMON_BLOCKS = YES;
				GCC_WARN_64_TO_32_BIT_CONVERSION = YES;
				GCC_WARN_ABOUT_RETURN_TYPE = YES_ERROR;
				GCC_WARN_UNDECLARED_SELECTOR = YES;
				GCC_WARN_UNINITIALIZED_AUTOS = YES_AGGRESSIVE;
				GCC_WARN_UNUSED_FUNCTION = YES;
				GCC_WARN_UNUSED_VARIABLE = YES;
				IPHONEOS_DEPLOYMENT_TARGET = 13.2;
				MTL_ENABLE_DEBUG_INFO = NO;
				MTL_FAST_MATH = YES;
				SDKROOT = iphoneos;
				SWIFT_COMPILATION_MODE = wholemodule;
				SWIFT_OPTIMIZATION_LEVEL = "-O";
				VALIDATE_PRODUCT = YES;
			};
			name = Release;
		};
		C87922CD2418BBEC00BE2F30 /* Debug */ = {
			isa = XCBuildConfiguration;
			buildSettings = {
				ASSETCATALOG_COMPILER_APPICON_NAME = AppIcon;
				CODE_SIGN_STYLE = Automatic;
				DEVELOPMENT_TEAM = EWKZX8YTGG;
				INFOPLIST_FILE = App/Info.plist;
				LD_RUNPATH_SEARCH_PATHS = (
					"$(inherited)",
					"@executable_path/Frameworks",
				);
				PRODUCT_BUNDLE_IDENTIFIER = pro.App;
				PRODUCT_NAME = "$(TARGET_NAME)";
				SWIFT_VERSION = 5.0;
				TARGETED_DEVICE_FAMILY = "1,2";
			};
			name = Debug;
		};
		C87922CE2418BBEC00BE2F30 /* Release */ = {
			isa = XCBuildConfiguration;
			buildSettings = {
				ASSETCATALOG_COMPILER_APPICON_NAME = AppIcon;
				CODE_SIGN_STYLE = Automatic;
				DEVELOPMENT_TEAM = EWKZX8YTGG;
				INFOPLIST_FILE = App/Info.plist;
				LD_RUNPATH_SEARCH_PATHS = (
					"$(inherited)",
					"@executable_path/Frameworks",
				);
				PRODUCT_BUNDLE_IDENTIFIER = pro.App;
				PRODUCT_NAME = "$(TARGET_NAME)";
				SWIFT_VERSION = 5.0;
				TARGETED_DEVICE_FAMILY = "1,2";
			};
			name = Release;
		};
		C87922D02418BBEC00BE2F30 /* Debug */ = {
			isa = XCBuildConfiguration;
			buildSettings = {
				ALWAYS_EMBED_SWIFT_STANDARD_LIBRARIES = YES;
				BUNDLE_LOADER = "$(TEST_HOST)";
				CODE_SIGN_STYLE = Automatic;
				DEVELOPMENT_TEAM = EWKZX8YTGG;
				INFOPLIST_FILE = AppTests/Info.plist;
				IPHONEOS_DEPLOYMENT_TARGET = 13.2;
				LD_RUNPATH_SEARCH_PATHS = (
					"$(inherited)",
					"@executable_path/Frameworks",
					"@loader_path/Frameworks",
				);
				PRODUCT_BUNDLE_IDENTIFIER = pro.AppTests;
				PRODUCT_NAME = "$(TARGET_NAME)";
				SWIFT_VERSION = 5.0;
				TARGETED_DEVICE_FAMILY = "1,2";
				TEST_HOST = "$(BUILT_PRODUCTS_DIR)/App.app/App";
			};
			name = Debug;
		};
		C87922D12418BBEC00BE2F30 /* Release */ = {
			isa = XCBuildConfiguration;
			buildSettings = {
				ALWAYS_EMBED_SWIFT_STANDARD_LIBRARIES = YES;
				BUNDLE_LOADER = "$(TEST_HOST)";
				CODE_SIGN_STYLE = Automatic;
				DEVELOPMENT_TEAM = EWKZX8YTGG;
				INFOPLIST_FILE = AppTests/Info.plist;
				IPHONEOS_DEPLOYMENT_TARGET = 13.2;
				LD_RUNPATH_SEARCH_PATHS = (
					"$(inherited)",
					"@executable_path/Frameworks",
					"@loader_path/Frameworks",
				);
				PRODUCT_BUNDLE_IDENTIFIER = pro.AppTests;
				PRODUCT_NAME = "$(TARGET_NAME)";
				SWIFT_VERSION = 5.0;
				TARGETED_DEVICE_FAMILY = "1,2";
				TEST_HOST = "$(BUILT_PRODUCTS_DIR)/App.app/App";
			};
			name = Release;
		};
		C87922D32418BBEC00BE2F30 /* Debug */ = {
			isa = XCBuildConfiguration;
			buildSettings = {
				ALWAYS_EMBED_SWIFT_STANDARD_LIBRARIES = YES;
				CODE_SIGN_STYLE = Automatic;
				DEVELOPMENT_TEAM = EWKZX8YTGG;
				INFOPLIST_FILE = AppUITests/Info.plist;
				LD_RUNPATH_SEARCH_PATHS = (
					"$(inherited)",
					"@executable_path/Frameworks",
					"@loader_path/Frameworks",
				);
				PRODUCT_BUNDLE_IDENTIFIER = pro.AppUITests;
				PRODUCT_NAME = "$(TARGET_NAME)";
				SWIFT_VERSION = 5.0;
				TARGETED_DEVICE_FAMILY = "1,2";
				TEST_TARGET_NAME = App;
			};
			name = Debug;
		};
		C87922D42418BBEC00BE2F30 /* Release */ = {
			isa = XCBuildConfiguration;
			buildSettings = {
				ALWAYS_EMBED_SWIFT_STANDARD_LIBRARIES = YES;
				CODE_SIGN_STYLE = Automatic;
				DEVELOPMENT_TEAM = EWKZX8YTGG;
				INFOPLIST_FILE = AppUITests/Info.plist;
				LD_RUNPATH_SEARCH_PATHS = (
					"$(inherited)",
					"@executable_path/Frameworks",
					"@loader_path/Frameworks",
				);
				PRODUCT_BUNDLE_IDENTIFIER = pro.AppUITests;
				PRODUCT_NAME = "$(TARGET_NAME)";
				SWIFT_VERSION = 5.0;
				TARGETED_DEVICE_FAMILY = "1,2";
				TEST_TARGET_NAME = App;
			};
			name = Release;
		};
/* End XCBuildConfiguration section */

/* Begin XCConfigurationList section */
		C879229D2418BBEB00BE2F30 /* Build configuration list for PBXProject "App" */ = {
			isa = XCConfigurationList;
			buildConfigurations = (
				C87922CA2418BBEC00BE2F30 /* Debug */,
				C87922CB2418BBEC00BE2F30 /* Release */,
			);
			defaultConfigurationIsVisible = 0;
			defaultConfigurationName = Release;
		};
		C87922CC2418BBEC00BE2F30 /* Build configuration list for PBXNativeTarget "App" */ = {
			isa = XCConfigurationList;
			buildConfigurations = (
				C87922CD2418BBEC00BE2F30 /* Debug */,
				C87922CE2418BBEC00BE2F30 /* Release */,
			);
			defaultConfigurationIsVisible = 0;
			defaultConfigurationName = Release;
		};
		C87922CF2418BBEC00BE2F30 /* Build configuration list for PBXNativeTarget "AppTests" */ = {
			isa = XCConfigurationList;
			buildConfigurations = (
				C87922D02418BBEC00BE2F30 /* Debug */,
				C87922D12418BBEC00BE2F30 /* Release */,
			);
			defaultConfigurationIsVisible = 0;
			defaultConfigurationName = Release;
		};
		C87922D22418BBEC00BE2F30 /* Build configuration list for PBXNativeTarget "AppUITests" */ = {
			isa = XCConfigurationList;
			buildConfigurations = (
				C87922D32418BBEC00BE2F30 /* Debug */,
				C87922D42418BBEC00BE2F30 /* Release */,
			);
			defaultConfigurationIsVisible = 0;
			defaultConfigurationName = Release;
		};
/* End XCConfigurationList section */
	};
	rootObject = C879229A2418BBEB00BE2F30 /* Project object */;
}
