// !$*UTF8*$!
{
	archiveVersion = 1;
	classes = {
	};
	objectVersion = 50;
	objects = {

/* Begin PBXBuildFile section */
		C8F903E124231D60002C0592 /* AppDelegate.swift in Sources */ = {isa = PBXBuildFile; fileRef = C8F903E024231D60002C0592 /* AppDelegate.swift */; };
		C8F903E324231D60002C0592 /* SceneDelegate.swift in Sources */ = {isa = PBXBuildFile; fileRef = C8F903E224231D60002C0592 /* SceneDelegate.swift */; };
		C8F903E524231D60002C0592 /* ViewController.swift in Sources */ = {isa = PBXBuildFile; fileRef = C8F903E424231D60002C0592 /* ViewController.swift */; };
		C8F903E824231D60002C0592 /* Main.storyboard in Resources */ = {isa = PBXBuildFile; fileRef = C8F903E624231D60002C0592 /* Main.storyboard */; };
		C8F903EA24231D61002C0592 /* Assets.xcassets in Resources */ = {isa = PBXBuildFile; fileRef = C8F903E924231D61002C0592 /* Assets.xcassets */; };
		C8F903ED24231D61002C0592 /* LaunchScreen.storyboard in Resources */ = {isa = PBXBuildFile; fileRef = C8F903EB24231D61002C0592 /* LaunchScreen.storyboard */; };
		C8F903F824231D61002C0592 /* Navigation_20200319Tests.swift in Sources */ = {isa = PBXBuildFile; fileRef = C8F903F724231D61002C0592 /* Navigation_20200319Tests.swift */; };
		C8F9040324231D61002C0592 /* Navigation_20200319UITests.swift in Sources */ = {isa = PBXBuildFile; fileRef = C8F9040224231D61002C0592 /* Navigation_20200319UITests.swift */; };
		C8F9041324231DE8002C0592 /* SecondViewController.swift in Sources */ = {isa = PBXBuildFile; fileRef = C8F9041224231DE8002C0592 /* SecondViewController.swift */; };
		C8F9041524231DF3002C0592 /* ThirdViewController.swift in Sources */ = {isa = PBXBuildFile; fileRef = C8F9041424231DF3002C0592 /* ThirdViewController.swift */; };
		C8F9041724231DFC002C0592 /* FourthViewController.swift in Sources */ = {isa = PBXBuildFile; fileRef = C8F9041624231DFC002C0592 /* FourthViewController.swift */; };
/* End PBXBuildFile section */

/* Begin PBXContainerItemProxy section */
		C8F903F424231D61002C0592 /* PBXContainerItemProxy */ = {
			isa = PBXContainerItemProxy;
			containerPortal = C8F903D524231D60002C0592 /* Project object */;
			proxyType = 1;
			remoteGlobalIDString = C8F903DC24231D60002C0592;
			remoteInfo = Navigation_20200319;
		};
		C8F903FF24231D61002C0592 /* PBXContainerItemProxy */ = {
			isa = PBXContainerItemProxy;
			containerPortal = C8F903D524231D60002C0592 /* Project object */;
			proxyType = 1;
			remoteGlobalIDString = C8F903DC24231D60002C0592;
			remoteInfo = Navigation_20200319;
		};
/* End PBXContainerItemProxy section */

/* Begin PBXFileReference section */
		C8F903DD24231D60002C0592 /* Navigation_20200319.app */ = {isa = PBXFileReference; explicitFileType = wrapper.application; includeInIndex = 0; path = Navigation_20200319.app; sourceTree = BUILT_PRODUCTS_DIR; };
		C8F903E024231D60002C0592 /* AppDelegate.swift */ = {isa = PBXFileReference; lastKnownFileType = sourcecode.swift; path = AppDelegate.swift; sourceTree = "<group>"; };
		C8F903E224231D60002C0592 /* SceneDelegate.swift */ = {isa = PBXFileReference; lastKnownFileType = sourcecode.swift; path = SceneDelegate.swift; sourceTree = "<group>"; };
		C8F903E424231D60002C0592 /* ViewController.swift */ = {isa = PBXFileReference; lastKnownFileType = sourcecode.swift; path = ViewController.swift; sourceTree = "<group>"; };
		C8F903E724231D60002C0592 /* Base */ = {isa = PBXFileReference; lastKnownFileType = file.storyboard; name = Base; path = Base.lproj/Main.storyboard; sourceTree = "<group>"; };
		C8F903E924231D61002C0592 /* Assets.xcassets */ = {isa = PBXFileReference; lastKnownFileType = folder.assetcatalog; path = Assets.xcassets; sourceTree = "<group>"; };
		C8F903EC24231D61002C0592 /* Base */ = {isa = PBXFileReference; lastKnownFileType = file.storyboard; name = Base; path = Base.lproj/LaunchScreen.storyboard; sourceTree = "<group>"; };
		C8F903EE24231D61002C0592 /* Info.plist */ = {isa = PBXFileReference; lastKnownFileType = text.plist.xml; path = Info.plist; sourceTree = "<group>"; };
		C8F903F324231D61002C0592 /* Navigation_20200319Tests.xctest */ = {isa = PBXFileReference; explicitFileType = wrapper.cfbundle; includeInIndex = 0; path = Navigation_20200319Tests.xctest; sourceTree = BUILT_PRODUCTS_DIR; };
		C8F903F724231D61002C0592 /* Navigation_20200319Tests.swift */ = {isa = PBXFileReference; lastKnownFileType = sourcecode.swift; path = Navigation_20200319Tests.swift; sourceTree = "<group>"; };
		C8F903F924231D61002C0592 /* Info.plist */ = {isa = PBXFileReference; lastKnownFileType = text.plist.xml; path = Info.plist; sourceTree = "<group>"; };
		C8F903FE24231D61002C0592 /* Navigation_20200319UITests.xctest */ = {isa = PBXFileReference; explicitFileType = wrapper.cfbundle; includeInIndex = 0; path = Navigation_20200319UITests.xctest; sourceTree = BUILT_PRODUCTS_DIR; };
		C8F9040224231D61002C0592 /* Navigation_20200319UITests.swift */ = {isa = PBXFileReference; lastKnownFileType = sourcecode.swift; path = Navigation_20200319UITests.swift; sourceTree = "<group>"; };
		C8F9040424231D61002C0592 /* Info.plist */ = {isa = PBXFileReference; lastKnownFileType = text.plist.xml; path = Info.plist; sourceTree = "<group>"; };
		C8F9041224231DE8002C0592 /* SecondViewController.swift */ = {isa = PBXFileReference; lastKnownFileType = sourcecode.swift; path = SecondViewController.swift; sourceTree = "<group>"; };
		C8F9041424231DF3002C0592 /* ThirdViewController.swift */ = {isa = PBXFileReference; lastKnownFileType = sourcecode.swift; path = ThirdViewController.swift; sourceTree = "<group>"; };
		C8F9041624231DFC002C0592 /* FourthViewController.swift */ = {isa = PBXFileReference; lastKnownFileType = sourcecode.swift; path = FourthViewController.swift; sourceTree = "<group>"; };
/* End PBXFileReference section */

/* Begin PBXFrameworksBuildPhase section */
		C8F903DA24231D60002C0592 /* Frameworks */ = {
			isa = PBXFrameworksBuildPhase;
			buildActionMask = 2147483647;
			files = (
			);
			runOnlyForDeploymentPostprocessing = 0;
		};
		C8F903F024231D61002C0592 /* Frameworks */ = {
			isa = PBXFrameworksBuildPhase;
			buildActionMask = 2147483647;
			files = (
			);
			runOnlyForDeploymentPostprocessing = 0;
		};
		C8F903FB24231D61002C0592 /* Frameworks */ = {
			isa = PBXFrameworksBuildPhase;
			buildActionMask = 2147483647;
			files = (
			);
			runOnlyForDeploymentPostprocessing = 0;
		};
/* End PBXFrameworksBuildPhase section */

/* Begin PBXGroup section */
		C8F903D424231D60002C0592 = {
			isa = PBXGroup;
			children = (
				C8F903DF24231D60002C0592 /* Navigation_20200319 */,
				C8F903F624231D61002C0592 /* Navigation_20200319Tests */,
				C8F9040124231D61002C0592 /* Navigation_20200319UITests */,
				C8F903DE24231D60002C0592 /* Products */,
			);
			sourceTree = "<group>";
		};
		C8F903DE24231D60002C0592 /* Products */ = {
			isa = PBXGroup;
			children = (
				C8F903DD24231D60002C0592 /* Navigation_20200319.app */,
				C8F903F324231D61002C0592 /* Navigation_20200319Tests.xctest */,
				C8F903FE24231D61002C0592 /* Navigation_20200319UITests.xctest */,
			);
			name = Products;
			sourceTree = "<group>";
		};
		C8F903DF24231D60002C0592 /* Navigation_20200319 */ = {
			isa = PBXGroup;
			children = (
				C8F903E024231D60002C0592 /* AppDelegate.swift */,
				C8F903E224231D60002C0592 /* SceneDelegate.swift */,
				C8F903E424231D60002C0592 /* ViewController.swift */,
				C8F903E624231D60002C0592 /* Main.storyboard */,
				C8F903E924231D61002C0592 /* Assets.xcassets */,
				C8F903EB24231D61002C0592 /* LaunchScreen.storyboard */,
				C8F903EE24231D61002C0592 /* Info.plist */,
				C8F9041224231DE8002C0592 /* SecondViewController.swift */,
				C8F9041424231DF3002C0592 /* ThirdViewController.swift */,
				C8F9041624231DFC002C0592 /* FourthViewController.swift */,
			);
			path = Navigation_20200319;
			sourceTree = "<group>";
		};
		C8F903F624231D61002C0592 /* Navigation_20200319Tests */ = {
			isa = PBXGroup;
			children = (
				C8F903F724231D61002C0592 /* Navigation_20200319Tests.swift */,
				C8F903F924231D61002C0592 /* Info.plist */,
			);
			path = Navigation_20200319Tests;
			sourceTree = "<group>";
		};
		C8F9040124231D61002C0592 /* Navigation_20200319UITests */ = {
			isa = PBXGroup;
			children = (
				C8F9040224231D61002C0592 /* Navigation_20200319UITests.swift */,
				C8F9040424231D61002C0592 /* Info.plist */,
			);
			path = Navigation_20200319UITests;
			sourceTree = "<group>";
		};
/* End PBXGroup section */

/* Begin PBXNativeTarget section */
		C8F903DC24231D60002C0592 /* Navigation_20200319 */ = {
			isa = PBXNativeTarget;
			buildConfigurationList = C8F9040724231D61002C0592 /* Build configuration list for PBXNativeTarget "Navigation_20200319" */;
			buildPhases = (
				C8F903D924231D60002C0592 /* Sources */,
				C8F903DA24231D60002C0592 /* Frameworks */,
				C8F903DB24231D60002C0592 /* Resources */,
			);
			buildRules = (
			);
			dependencies = (
			);
			name = Navigation_20200319;
			productName = Navigation_20200319;
			productReference = C8F903DD24231D60002C0592 /* Navigation_20200319.app */;
			productType = "com.apple.product-type.application";
		};
		C8F903F224231D61002C0592 /* Navigation_20200319Tests */ = {
			isa = PBXNativeTarget;
			buildConfigurationList = C8F9040A24231D61002C0592 /* Build configuration list for PBXNativeTarget "Navigation_20200319Tests" */;
			buildPhases = (
				C8F903EF24231D61002C0592 /* Sources */,
				C8F903F024231D61002C0592 /* Frameworks */,
				C8F903F124231D61002C0592 /* Resources */,
			);
			buildRules = (
			);
			dependencies = (
				C8F903F524231D61002C0592 /* PBXTargetDependency */,
			);
			name = Navigation_20200319Tests;
			productName = Navigation_20200319Tests;
			productReference = C8F903F324231D61002C0592 /* Navigation_20200319Tests.xctest */;
			productType = "com.apple.product-type.bundle.unit-test";
		};
		C8F903FD24231D61002C0592 /* Navigation_20200319UITests */ = {
			isa = PBXNativeTarget;
			buildConfigurationList = C8F9040D24231D61002C0592 /* Build configuration list for PBXNativeTarget "Navigation_20200319UITests" */;
			buildPhases = (
				C8F903FA24231D61002C0592 /* Sources */,
				C8F903FB24231D61002C0592 /* Frameworks */,
				C8F903FC24231D61002C0592 /* Resources */,
			);
			buildRules = (
			);
			dependencies = (
				C8F9040024231D61002C0592 /* PBXTargetDependency */,
			);
			name = Navigation_20200319UITests;
			productName = Navigation_20200319UITests;
			productReference = C8F903FE24231D61002C0592 /* Navigation_20200319UITests.xctest */;
			productType = "com.apple.product-type.bundle.ui-testing";
		};
/* End PBXNativeTarget section */

/* Begin PBXProject section */
		C8F903D524231D60002C0592 /* Project object */ = {
			isa = PBXProject;
			attributes = {
				LastSwiftUpdateCheck = 1130;
				LastUpgradeCheck = 1130;
				ORGANIZATIONNAME = mac07;
				TargetAttributes = {
					C8F903DC24231D60002C0592 = {
						CreatedOnToolsVersion = 11.3.1;
					};
					C8F903F224231D61002C0592 = {
						CreatedOnToolsVersion = 11.3.1;
						TestTargetID = C8F903DC24231D60002C0592;
					};
					C8F903FD24231D61002C0592 = {
						CreatedOnToolsVersion = 11.3.1;
						TestTargetID = C8F903DC24231D60002C0592;
					};
				};
			};
			buildConfigurationList = C8F903D824231D60002C0592 /* Build configuration list for PBXProject "Navigation_20200319" */;
			compatibilityVersion = "Xcode 9.3";
			developmentRegion = en;
			hasScannedForEncodings = 0;
			knownRegions = (
				en,
				Base,
			);
			mainGroup = C8F903D424231D60002C0592;
			productRefGroup = C8F903DE24231D60002C0592 /* Products */;
			projectDirPath = "";
			projectRoot = "";
			targets = (
				C8F903DC24231D60002C0592 /* Navigation_20200319 */,
				C8F903F224231D61002C0592 /* Navigation_20200319Tests */,
				C8F903FD24231D61002C0592 /* Navigation_20200319UITests */,
			);
		};
/* End PBXProject section */

/* Begin PBXResourcesBuildPhase section */
		C8F903DB24231D60002C0592 /* Resources */ = {
			isa = PBXResourcesBuildPhase;
			buildActionMask = 2147483647;
			files = (
				C8F903ED24231D61002C0592 /* LaunchScreen.storyboard in Resources */,
				C8F903EA24231D61002C0592 /* Assets.xcassets in Resources */,
				C8F903E824231D60002C0592 /* Main.storyboard in Resources */,
			);
			runOnlyForDeploymentPostprocessing = 0;
		};
		C8F903F124231D61002C0592 /* Resources */ = {
			isa = PBXResourcesBuildPhase;
			buildActionMask = 2147483647;
			files = (
			);
			runOnlyForDeploymentPostprocessing = 0;
		};
		C8F903FC24231D61002C0592 /* Resources */ = {
			isa = PBXResourcesBuildPhase;
			buildActionMask = 2147483647;
			files = (
			);
			runOnlyForDeploymentPostprocessing = 0;
		};
/* End PBXResourcesBuildPhase section */

/* Begin PBXSourcesBuildPhase section */
		C8F903D924231D60002C0592 /* Sources */ = {
			isa = PBXSourcesBuildPhase;
			buildActionMask = 2147483647;
			files = (
				C8F903E524231D60002C0592 /* ViewController.swift in Sources */,
				C8F903E124231D60002C0592 /* AppDelegate.swift in Sources */,
				C8F903E324231D60002C0592 /* SceneDelegate.swift in Sources */,
				C8F9041724231DFC002C0592 /* FourthViewController.swift in Sources */,
				C8F9041324231DE8002C0592 /* SecondViewController.swift in Sources */,
				C8F9041524231DF3002C0592 /* ThirdViewController.swift in Sources */,
			);
			runOnlyForDeploymentPostprocessing = 0;
		};
		C8F903EF24231D61002C0592 /* Sources */ = {
			isa = PBXSourcesBuildPhase;
			buildActionMask = 2147483647;
			files = (
				C8F903F824231D61002C0592 /* Navigation_20200319Tests.swift in Sources */,
			);
			runOnlyForDeploymentPostprocessing = 0;
		};
		C8F903FA24231D61002C0592 /* Sources */ = {
			isa = PBXSourcesBuildPhase;
			buildActionMask = 2147483647;
			files = (
				C8F9040324231D61002C0592 /* Navigation_20200319UITests.swift in Sources */,
			);
			runOnlyForDeploymentPostprocessing = 0;
		};
/* End PBXSourcesBuildPhase section */

/* Begin PBXTargetDependency section */
		C8F903F524231D61002C0592 /* PBXTargetDependency */ = {
			isa = PBXTargetDependency;
			target = C8F903DC24231D60002C0592 /* Navigation_20200319 */;
			targetProxy = C8F903F424231D61002C0592 /* PBXContainerItemProxy */;
		};
		C8F9040024231D61002C0592 /* PBXTargetDependency */ = {
			isa = PBXTargetDependency;
			target = C8F903DC24231D60002C0592 /* Navigation_20200319 */;
			targetProxy = C8F903FF24231D61002C0592 /* PBXContainerItemProxy */;
		};
/* End PBXTargetDependency section */

/* Begin PBXVariantGroup section */
		C8F903E624231D60002C0592 /* Main.storyboard */ = {
			isa = PBXVariantGroup;
			children = (
				C8F903E724231D60002C0592 /* Base */,
			);
			name = Main.storyboard;
			sourceTree = "<group>";
		};
		C8F903EB24231D61002C0592 /* LaunchScreen.storyboard */ = {
			isa = PBXVariantGroup;
			children = (
				C8F903EC24231D61002C0592 /* Base */,
			);
			name = LaunchScreen.storyboard;
			sourceTree = "<group>";
		};
/* End PBXVariantGroup section */

/* Begin XCBuildConfiguration section */
		C8F9040524231D61002C0592 /* Debug */ = {
			isa = XCBuildConfiguration;
			buildSettings = {
				ALWAYS_SEARCH_USER_PATHS = NO;
				CLANG_ANALYZER_NONNULL = YES;
				CLANG_ANALYZER_NUMBER_OBJECT_CONVERSION = YES_AGGRESSIVE;
				CLANG_CXX_LANGUAGE_STANDARD = "gnu++14";
				CLANG_CXX_LIBRARY = "libc++";
				CLANG_ENABLE_MODULES = YES;
				CLANG_ENABLE_OBJC_ARC = YES;
				CLANG_ENABLE_OBJC_WEAK = YES;
				CLANG_WARN_BLOCK_CAPTURE_AUTORELEASING = YES;
				CLANG_WARN_BOOL_CONVERSION = YES;
				CLANG_WARN_COMMA = YES;
				CLANG_WARN_CONSTANT_CONVERSION = YES;
				CLANG_WARN_DEPRECATED_OBJC_IMPLEMENTATIONS = YES;
				CLANG_WARN_DIRECT_OBJC_ISA_USAGE = YES_ERROR;
				CLANG_WARN_DOCUMENTATION_COMMENTS = YES;
				CLANG_WARN_EMPTY_BODY = YES;
				CLANG_WARN_ENUM_CONVERSION = YES;
				CLANG_WARN_INFINITE_RECURSION = YES;
				CLANG_WARN_INT_CONVERSION = YES;
				CLANG_WARN_NON_LITERAL_NULL_CONVERSION = YES;
				CLANG_WARN_OBJC_IMPLICIT_RETAIN_SELF = YES;
				CLANG_WARN_OBJC_LITERAL_CONVERSION = YES;
				CLANG_WARN_OBJC_ROOT_CLASS = YES_ERROR;
				CLANG_WARN_RANGE_LOOP_ANALYSIS = YES;
				CLANG_WARN_STRICT_PROTOTYPES = YES;
				CLANG_WARN_SUSPICIOUS_MOVE = YES;
				CLANG_WARN_UNGUARDED_AVAILABILITY = YES_AGGRESSIVE;
				CLANG_WARN_UNREACHABLE_CODE = YES;
				CLANG_WARN__DUPLICATE_METHOD_MATCH = YES;
				COPY_PHASE_STRIP = NO;
				DEBUG_INFORMATION_FORMAT = dwarf;
				ENABLE_STRICT_OBJC_MSGSEND = YES;
				ENABLE_TESTABILITY = YES;
				GCC_C_LANGUAGE_STANDARD = gnu11;
				GCC_DYNAMIC_NO_PIC = NO;
				GCC_NO_COMMON_BLOCKS = YES;
				GCC_OPTIMIZATION_LEVEL = 0;
				GCC_PREPROCESSOR_DEFINITIONS = (
					"DEBUG=1",
					"$(inherited)",
				);
				GCC_WARN_64_TO_32_BIT_CONVERSION = YES;
				GCC_WARN_ABOUT_RETURN_TYPE = YES_ERROR;
				GCC_WARN_UNDECLARED_SELECTOR = YES;
				GCC_WARN_UNINITIALIZED_AUTOS = YES_AGGRESSIVE;
				GCC_WARN_UNUSED_FUNCTION = YES;
				GCC_WARN_UNUSED_VARIABLE = YES;
				IPHONEOS_DEPLOYMENT_TARGET = 13.2;
				MTL_ENABLE_DEBUG_INFO = INCLUDE_SOURCE;
				MTL_FAST_MATH = YES;
				ONLY_ACTIVE_ARCH = YES;
				SDKROOT = iphoneos;
				SWIFT_ACTIVE_COMPILATION_CONDITIONS = DEBUG;
				SWIFT_OPTIMIZATION_LEVEL = "-Onone";
			};
			name = Debug;
		};
		C8F9040624231D61002C0592 /* Release */ = {
			isa = XCBuildConfiguration;
			buildSettings = {
				ALWAYS_SEARCH_USER_PATHS = NO;
				CLANG_ANALYZER_NONNULL = YES;
				CLANG_ANALYZER_NUMBER_OBJECT_CONVERSION = YES_AGGRESSIVE;
				CLANG_CXX_LANGUAGE_STANDARD = "gnu++14";
				CLANG_CXX_LIBRARY = "libc++";
				CLANG_ENABLE_MODULES = YES;
				CLANG_ENABLE_OBJC_ARC = YES;
				CLANG_ENABLE_OBJC_WEAK = YES;
				CLANG_WARN_BLOCK_CAPTURE_AUTORELEASING = YES;
				CLANG_WARN_BOOL_CONVERSION = YES;
				CLANG_WARN_COMMA = YES;
				CLANG_WARN_CONSTANT_CONVERSION = YES;
				CLANG_WARN_DEPRECATED_OBJC_IMPLEMENTATIONS = YES;
				CLANG_WARN_DIRECT_OBJC_ISA_USAGE = YES_ERROR;
				CLANG_WARN_DOCUMENTATION_COMMENTS = YES;
				CLANG_WARN_EMPTY_BODY = YES;
				CLANG_WARN_ENUM_CONVERSION = YES;
				CLANG_WARN_INFINITE_RECURSION = YES;
				CLANG_WARN_INT_CONVERSION = YES;
				CLANG_WARN_NON_LITERAL_NULL_CONVERSION = YES;
				CLANG_WARN_OBJC_IMPLICIT_RETAIN_SELF = YES;
				CLANG_WARN_OBJC_LITERAL_CONVERSION = YES;
				CLANG_WARN_OBJC_ROOT_CLASS = YES_ERROR;
				CLANG_WARN_RANGE_LOOP_ANALYSIS = YES;
				CLANG_WARN_STRICT_PROTOTYPES = YES;
				CLANG_WARN_SUSPICIOUS_MOVE = YES;
				CLANG_WARN_UNGUARDED_AVAILABILITY = YES_AGGRESSIVE;
				CLANG_WARN_UNREACHABLE_CODE = YES;
				CLANG_WARN__DUPLICATE_METHOD_MATCH = YES;
				COPY_PHASE_STRIP = NO;
				DEBUG_INFORMATION_FORMAT = "dwarf-with-dsym";
				ENABLE_NS_ASSERTIONS = NO;
				ENABLE_STRICT_OBJC_MSGSEND = YES;
				GCC_C_LANGUAGE_STANDARD = gnu11;
				GCC_NO_COMMON_BLOCKS = YES;
				GCC_WARN_64_TO_32_BIT_CONVERSION = YES;
				GCC_WARN_ABOUT_RETURN_TYPE = YES_ERROR;
				GCC_WARN_UNDECLARED_SELECTOR = YES;
				GCC_WARN_UNINITIALIZED_AUTOS = YES_AGGRESSIVE;
				GCC_WARN_UNUSED_FUNCTION = YES;
				GCC_WARN_UNUSED_VARIABLE = YES;
				IPHONEOS_DEPLOYMENT_TARGET = 13.2;
				MTL_ENABLE_DEBUG_INFO = NO;
				MTL_FAST_MATH = YES;
				SDKROOT = iphoneos;
				SWIFT_COMPILATION_MODE = wholemodule;
				SWIFT_OPTIMIZATION_LEVEL = "-O";
				VALIDATE_PRODUCT = YES;
			};
			name = Release;
		};
		C8F9040824231D61002C0592 /* Debug */ = {
			isa = XCBuildConfiguration;
			buildSettings = {
				ASSETCATALOG_COMPILER_APPICON_NAME = AppIcon;
				CODE_SIGN_STYLE = Automatic;
				DEVELOPMENT_TEAM = EWKZX8YTGG;
				INFOPLIST_FILE = Navigation_20200319/Info.plist;
				LD_RUNPATH_SEARCH_PATHS = (
					"$(inherited)",
					"@executable_path/Frameworks",
				);
				PRODUCT_BUNDLE_IDENTIFIER = "pro.Navigation-20200319";
				PRODUCT_NAME = "$(TARGET_NAME)";
				SWIFT_VERSION = 5.0;
				TARGETED_DEVICE_FAMILY = "1,2";
			};
			name = Debug;
		};
		C8F9040924231D61002C0592 /* Release */ = {
			isa = XCBuildConfiguration;
			buildSettings = {
				ASSETCATALOG_COMPILER_APPICON_NAME = AppIcon;
				CODE_SIGN_STYLE = Automatic;
				DEVELOPMENT_TEAM = EWKZX8YTGG;
				INFOPLIST_FILE = Navigation_20200319/Info.plist;
				LD_RUNPATH_SEARCH_PATHS = (
					"$(inherited)",
					"@executable_path/Frameworks",
				);
				PRODUCT_BUNDLE_IDENTIFIER = "pro.Navigation-20200319";
				PRODUCT_NAME = "$(TARGET_NAME)";
				SWIFT_VERSION = 5.0;
				TARGETED_DEVICE_FAMILY = "1,2";
			};
			name = Release;
		};
		C8F9040B24231D61002C0592 /* Debug */ = {
			isa = XCBuildConfiguration;
			buildSettings = {
				ALWAYS_EMBED_SWIFT_STANDARD_LIBRARIES = YES;
				BUNDLE_LOADER = "$(TEST_HOST)";
				CODE_SIGN_STYLE = Automatic;
				DEVELOPMENT_TEAM = EWKZX8YTGG;
				INFOPLIST_FILE = Navigation_20200319Tests/Info.plist;
				IPHONEOS_DEPLOYMENT_TARGET = 13.2;
				LD_RUNPATH_SEARCH_PATHS = (
					"$(inherited)",
					"@executable_path/Frameworks",
					"@loader_path/Frameworks",
				);
				PRODUCT_BUNDLE_IDENTIFIER = "pro.Navigation-20200319Tests";
				PRODUCT_NAME = "$(TARGET_NAME)";
				SWIFT_VERSION = 5.0;
				TARGETED_DEVICE_FAMILY = "1,2";
				TEST_HOST = "$(BUILT_PRODUCTS_DIR)/Navigation_20200319.app/Navigation_20200319";
			};
			name = Debug;
		};
		C8F9040C24231D61002C0592 /* Release */ = {
			isa = XCBuildConfiguration;
			buildSettings = {
				ALWAYS_EMBED_SWIFT_STANDARD_LIBRARIES = YES;
				BUNDLE_LOADER = "$(TEST_HOST)";
				CODE_SIGN_STYLE = Automatic;
				DEVELOPMENT_TEAM = EWKZX8YTGG;
				INFOPLIST_FILE = Navigation_20200319Tests/Info.plist;
				IPHONEOS_DEPLOYMENT_TARGET = 13.2;
				LD_RUNPATH_SEARCH_PATHS = (
					"$(inherited)",
					"@executable_path/Frameworks",
					"@loader_path/Frameworks",
				);
				PRODUCT_BUNDLE_IDENTIFIER = "pro.Navigation-20200319Tests";
				PRODUCT_NAME = "$(TARGET_NAME)";
				SWIFT_VERSION = 5.0;
				TARGETED_DEVICE_FAMILY = "1,2";
				TEST_HOST = "$(BUILT_PRODUCTS_DIR)/Navigation_20200319.app/Navigation_20200319";
			};
			name = Release;
		};
		C8F9040E24231D61002C0592 /* Debug */ = {
			isa = XCBuildConfiguration;
			buildSettings = {
				ALWAYS_EMBED_SWIFT_STANDARD_LIBRARIES = YES;
				CODE_SIGN_STYLE = Automatic;
				DEVELOPMENT_TEAM = EWKZX8YTGG;
				INFOPLIST_FILE = Navigation_20200319UITests/Info.plist;
				LD_RUNPATH_SEARCH_PATHS = (
					"$(inherited)",
					"@executable_path/Frameworks",
					"@loader_path/Frameworks",
				);
				PRODUCT_BUNDLE_IDENTIFIER = "pro.Navigation-20200319UITests";
				PRODUCT_NAME = "$(TARGET_NAME)";
				SWIFT_VERSION = 5.0;
				TARGETED_DEVICE_FAMILY = "1,2";
				TEST_TARGET_NAME = Navigation_20200319;
			};
			name = Debug;
		};
		C8F9040F24231D61002C0592 /* Release */ = {
			isa = XCBuildConfiguration;
			buildSettings = {
				ALWAYS_EMBED_SWIFT_STANDARD_LIBRARIES = YES;
				CODE_SIGN_STYLE = Automatic;
				DEVELOPMENT_TEAM = EWKZX8YTGG;
				INFOPLIST_FILE = Navigation_20200319UITests/Info.plist;
				LD_RUNPATH_SEARCH_PATHS = (
					"$(inherited)",
					"@executable_path/Frameworks",
					"@loader_path/Frameworks",
				);
				PRODUCT_BUNDLE_IDENTIFIER = "pro.Navigation-20200319UITests";
				PRODUCT_NAME = "$(TARGET_NAME)";
				SWIFT_VERSION = 5.0;
				TARGETED_DEVICE_FAMILY = "1,2";
				TEST_TARGET_NAME = Navigation_20200319;
			};
			name = Release;
		};
/* End XCBuildConfiguration section */

/* Begin XCConfigurationList section */
		C8F903D824231D60002C0592 /* Build configuration list for PBXProject "Navigation_20200319" */ = {
			isa = XCConfigurationList;
			buildConfigurations = (
				C8F9040524231D61002C0592 /* Debug */,
				C8F9040624231D61002C0592 /* Release */,
			);
			defaultConfigurationIsVisible = 0;
			defaultConfigurationName = Release;
		};
		C8F9040724231D61002C0592 /* Build configuration list for PBXNativeTarget "Navigation_20200319" */ = {
			isa = XCConfigurationList;
			buildConfigurations = (
				C8F9040824231D61002C0592 /* Debug */,
				C8F9040924231D61002C0592 /* Release */,
			);
			defaultConfigurationIsVisible = 0;
			defaultConfigurationName = Release;
		};
		C8F9040A24231D61002C0592 /* Build configuration list for PBXNativeTarget "Navigation_20200319Tests" */ = {
			isa = XCConfigurationList;
			buildConfigurations = (
				C8F9040B24231D61002C0592 /* Debug */,
				C8F9040C24231D61002C0592 /* Release */,
			);
			defaultConfigurationIsVisible = 0;
			defaultConfigurationName = Release;
		};
		C8F9040D24231D61002C0592 /* Build configuration list for PBXNativeTarget "Navigation_20200319UITests" */ = {
			isa = XCConfigurationList;
			buildConfigurations = (
				C8F9040E24231D61002C0592 /* Debug */,
				C8F9040F24231D61002C0592 /* Release */,
			);
			defaultConfigurationIsVisible = 0;
			defaultConfigurationName = Release;
		};
/* End XCConfigurationList section */
	};
	rootObject = C8F903D524231D60002C0592 /* Project object */;
}
