// !$*UTF8*$!
{
	archiveVersion = 1;
	classes = {
	};
	objectVersion = 50;
	objects = {

/* Begin PBXBuildFile section */
		C8DE4D882474F67E009525D6 /* AppDelegate.swift in Sources */ = {isa = PBXBuildFile; fileRef = C8DE4D872474F67E009525D6 /* AppDelegate.swift */; };
		C8DE4D8A2474F67E009525D6 /* SceneDelegate.swift in Sources */ = {isa = PBXBuildFile; fileRef = C8DE4D892474F67E009525D6 /* SceneDelegate.swift */; };
		C8DE4D8C2474F67E009525D6 /* ViewController.swift in Sources */ = {isa = PBXBuildFile; fileRef = C8DE4D8B2474F67E009525D6 /* ViewController.swift */; };
		C8DE4D8F2474F67E009525D6 /* Main.storyboard in Resources */ = {isa = PBXBuildFile; fileRef = C8DE4D8D2474F67E009525D6 /* Main.storyboard */; };
		C8DE4D912474F67E009525D6 /* Assets.xcassets in Resources */ = {isa = PBXBuildFile; fileRef = C8DE4D902474F67E009525D6 /* Assets.xcassets */; };
		C8DE4D942474F67E009525D6 /* LaunchScreen.storyboard in Resources */ = {isa = PBXBuildFile; fileRef = C8DE4D922474F67E009525D6 /* LaunchScreen.storyboard */; };
		C8DE4D9C2474F6AE009525D6 /* test.xml in Resources */ = {isa = PBXBuildFile; fileRef = C8DE4D9B2474F6AE009525D6 /* test.xml */; };
		C8DE4D9E2474F9A4009525D6 /* json.txt in Resources */ = {isa = PBXBuildFile; fileRef = C8DE4D9D2474F9A4009525D6 /* json.txt */; };
/* End PBXBuildFile section */

/* Begin PBXFileReference section */
		C8DE4D842474F67E009525D6 /* Internet.app */ = {isa = PBXFileReference; explicitFileType = wrapper.application; includeInIndex = 0; path = Internet.app; sourceTree = BUILT_PRODUCTS_DIR; };
		C8DE4D872474F67E009525D6 /* AppDelegate.swift */ = {isa = PBXFileReference; lastKnownFileType = sourcecode.swift; path = AppDelegate.swift; sourceTree = "<group>"; };
		C8DE4D892474F67E009525D6 /* SceneDelegate.swift */ = {isa = PBXFileReference; lastKnownFileType = sourcecode.swift; path = SceneDelegate.swift; sourceTree = "<group>"; };
		C8DE4D8B2474F67E009525D6 /* ViewController.swift */ = {isa = PBXFileReference; lastKnownFileType = sourcecode.swift; path = ViewController.swift; sourceTree = "<group>"; };
		C8DE4D8E2474F67E009525D6 /* Base */ = {isa = PBXFileReference; lastKnownFileType = file.storyboard; name = Base; path = Base.lproj/Main.storyboard; sourceTree = "<group>"; };
		C8DE4D902474F67E009525D6 /* Assets.xcassets */ = {isa = PBXFileReference; lastKnownFileType = folder.assetcatalog; path = Assets.xcassets; sourceTree = "<group>"; };
		C8DE4D932474F67E009525D6 /* Base */ = {isa = PBXFileReference; lastKnownFileType = file.storyboard; name = Base; path = Base.lproj/LaunchScreen.storyboard; sourceTree = "<group>"; };
		C8DE4D952474F67E009525D6 /* Info.plist */ = {isa = PBXFileReference; lastKnownFileType = text.plist.xml; path = Info.plist; sourceTree = "<group>"; };
		C8DE4D9B2474F6AE009525D6 /* test.xml */ = {isa = PBXFileReference; lastKnownFileType = text.xml; path = test.xml; sourceTree = "<group>"; };
		C8DE4D9D2474F9A4009525D6 /* json.txt */ = {isa = PBXFileReference; lastKnownFileType = text; path = json.txt; sourceTree = "<group>"; };
/* End PBXFileReference section */

/* Begin PBXFrameworksBuildPhase section */
		C8DE4D812474F67E009525D6 /* Frameworks */ = {
			isa = PBXFrameworksBuildPhase;
			buildActionMask = 2147483647;
			files = (
			);
			runOnlyForDeploymentPostprocessing = 0;
		};
/* End PBXFrameworksBuildPhase section */

/* Begin PBXGroup section */
		C8DE4D7B2474F67E009525D6 = {
			isa = PBXGroup;
			children = (
				C8DE4D862474F67E009525D6 /* Internet */,
				C8DE4D852474F67E009525D6 /* Products */,
			);
			sourceTree = "<group>";
		};
		C8DE4D852474F67E009525D6 /* Products */ = {
			isa = PBXGroup;
			children = (
				C8DE4D842474F67E009525D6 /* Internet.app */,
			);
			name = Products;
			sourceTree = "<group>";
		};
		C8DE4D862474F67E009525D6 /* Internet */ = {
			isa = PBXGroup;
			children = (
				C8DE4D872474F67E009525D6 /* AppDelegate.swift */,
				C8DE4D892474F67E009525D6 /* SceneDelegate.swift */,
				C8DE4D8B2474F67E009525D6 /* ViewController.swift */,
				C8DE4D8D2474F67E009525D6 /* Main.storyboard */,
				C8DE4D902474F67E009525D6 /* Assets.xcassets */,
				C8DE4D922474F67E009525D6 /* LaunchScreen.storyboard */,
				C8DE4D952474F67E009525D6 /* Info.plist */,
				C8DE4D9B2474F6AE009525D6 /* test.xml */,
				C8DE4D9D2474F9A4009525D6 /* json.txt */,
			);
			path = Internet;
			sourceTree = "<group>";
		};
/* End PBXGroup section */

/* Begin PBXNativeTarget section */
		C8DE4D832474F67E009525D6 /* Internet */ = {
			isa = PBXNativeTarget;
			buildConfigurationList = C8DE4D982474F67E009525D6 /* Build configuration list for PBXNativeTarget "Internet" */;
			buildPhases = (
				C8DE4D802474F67E009525D6 /* Sources */,
				C8DE4D812474F67E009525D6 /* Frameworks */,
				C8DE4D822474F67E009525D6 /* Resources */,
			);
			buildRules = (
			);
			dependencies = (
			);
			name = Internet;
			productName = Internet;
			productReference = C8DE4D842474F67E009525D6 /* Internet.app */;
			productType = "com.apple.product-type.application";
		};
/* End PBXNativeTarget section */

/* Begin PBXProject section */
		C8DE4D7C2474F67E009525D6 /* Project object */ = {
			isa = PBXProject;
			attributes = {
				LastSwiftUpdateCheck = 1130;
				LastUpgradeCheck = 1130;
				ORGANIZATIONNAME = NTUST;
				TargetAttributes = {
					C8DE4D832474F67E009525D6 = {
						CreatedOnToolsVersion = 11.3.1;
					};
				};
			};
			buildConfigurationList = C8DE4D7F2474F67E009525D6 /* Build configuration list for PBXProject "Internet" */;
			compatibilityVersion = "Xcode 9.3";
			developmentRegion = en;
			hasScannedForEncodings = 0;
			knownRegions = (
				en,
				Base,
			);
			mainGroup = C8DE4D7B2474F67E009525D6;
			productRefGroup = C8DE4D852474F67E009525D6 /* Products */;
			projectDirPath = "";
			projectRoot = "";
			targets = (
				C8DE4D832474F67E009525D6 /* Internet */,
			);
		};
/* End PBXProject section */

/* Begin PBXResourcesBuildPhase section */
		C8DE4D822474F67E009525D6 /* Resources */ = {
			isa = PBXResourcesBuildPhase;
			buildActionMask = 2147483647;
			files = (
				C8DE4D942474F67E009525D6 /* LaunchScreen.storyboard in Resources */,
				C8DE4D912474F67E009525D6 /* Assets.xcassets in Resources */,
				C8DE4D8F2474F67E009525D6 /* Main.storyboard in Resources */,
				C8DE4D9C2474F6AE009525D6 /* test.xml in Resources */,
				C8DE4D9E2474F9A4009525D6 /* json.txt in Resources */,
			);
			runOnlyForDeploymentPostprocessing = 0;
		};
/* End PBXResourcesBuildPhase section */

/* Begin PBXSourcesBuildPhase section */
		C8DE4D802474F67E009525D6 /* Sources */ = {
			isa = PBXSourcesBuildPhase;
			buildActionMask = 2147483647;
			files = (
				C8DE4D8C2474F67E009525D6 /* ViewController.swift in Sources */,
				C8DE4D882474F67E009525D6 /* AppDelegate.swift in Sources */,
				C8DE4D8A2474F67E009525D6 /* SceneDelegate.swift in Sources */,
			);
			runOnlyForDeploymentPostprocessing = 0;
		};
/* End PBXSourcesBuildPhase section */

/* Begin PBXVariantGroup section */
		C8DE4D8D2474F67E009525D6 /* Main.storyboard */ = {
			isa = PBXVariantGroup;
			children = (
				C8DE4D8E2474F67E009525D6 /* Base */,
			);
			name = Main.storyboard;
			sourceTree = "<group>";
		};
		C8DE4D922474F67E009525D6 /* LaunchScreen.storyboard */ = {
			isa = PBXVariantGroup;
			children = (
				C8DE4D932474F67E009525D6 /* Base */,
			);
			name = LaunchScreen.storyboard;
			sourceTree = "<group>";
		};
/* End PBXVariantGroup section */

/* Begin XCBuildConfiguration section */
		C8DE4D962474F67E009525D6 /* Debug */ = {
			isa = XCBuildConfiguration;
			buildSettings = {
				ALWAYS_SEARCH_USER_PATHS = NO;
				CLANG_ANALYZER_NONNULL = YES;
				CLANG_ANALYZER_NUMBER_OBJECT_CONVERSION = YES_AGGRESSIVE;
				CLANG_CXX_LANGUAGE_STANDARD = "gnu++14";
				CLANG_CXX_LIBRARY = "libc++";
				CLANG_ENABLE_MODULES = YES;
				CLANG_ENABLE_OBJC_ARC = YES;
				CLANG_ENABLE_OBJC_WEAK = YES;
				CLANG_WARN_BLOCK_CAPTURE_AUTORELEASING = YES;
				CLANG_WARN_BOOL_CONVERSION = YES;
				CLANG_WARN_COMMA = YES;
				CLANG_WARN_CONSTANT_CONVERSION = YES;
				CLANG_WARN_DEPRECATED_OBJC_IMPLEMENTATIONS = YES;
				CLANG_WARN_DIRECT_OBJC_ISA_USAGE = YES_ERROR;
				CLANG_WARN_DOCUMENTATION_COMMENTS = YES;
				CLANG_WARN_EMPTY_BODY = YES;
				CLANG_WARN_ENUM_CONVERSION = YES;
				CLANG_WARN_INFINITE_RECURSION = YES;
				CLANG_WARN_INT_CONVERSION = YES;
				CLANG_WARN_NON_LITERAL_NULL_CONVERSION = YES;
				CLANG_WARN_OBJC_IMPLICIT_RETAIN_SELF = YES;
				CLANG_WARN_OBJC_LITERAL_CONVERSION = YES;
				CLANG_WARN_OBJC_ROOT_CLASS = YES_ERROR;
				CLANG_WARN_RANGE_LOOP_ANALYSIS = YES;
				CLANG_WARN_STRICT_PROTOTYPES = YES;
				CLANG_WARN_SUSPICIOUS_MOVE = YES;
				CLANG_WARN_UNGUARDED_AVAILABILITY = YES_AGGRESSIVE;
				CLANG_WARN_UNREACHABLE_CODE = YES;
				CLANG_WARN__DUPLICATE_METHOD_MATCH = YES;
				COPY_PHASE_STRIP = NO;
				DEBUG_INFORMATION_FORMAT = dwarf;
				ENABLE_STRICT_OBJC_MSGSEND = YES;
				ENABLE_TESTABILITY = YES;
				GCC_C_LANGUAGE_STANDARD = gnu11;
				GCC_DYNAMIC_NO_PIC = NO;
				GCC_NO_COMMON_BLOCKS = YES;
				GCC_OPTIMIZATION_LEVEL = 0;
				GCC_PREPROCESSOR_DEFINITIONS = (
					"DEBUG=1",
					"$(inherited)",
				);
				GCC_WARN_64_TO_32_BIT_CONVERSION = YES;
				GCC_WARN_ABOUT_RETURN_TYPE = YES_ERROR;
				GCC_WARN_UNDECLARED_SELECTOR = YES;
				GCC_WARN_UNINITIALIZED_AUTOS = YES_AGGRESSIVE;
				GCC_WARN_UNUSED_FUNCTION = YES;
				GCC_WARN_UNUSED_VARIABLE = YES;
				IPHONEOS_DEPLOYMENT_TARGET = 13.2;
				MTL_ENABLE_DEBUG_INFO = INCLUDE_SOURCE;
				MTL_FAST_MATH = YES;
				ONLY_ACTIVE_ARCH = YES;
				SDKROOT = iphoneos;
				SWIFT_ACTIVE_COMPILATION_CONDITIONS = DEBUG;
				SWIFT_OPTIMIZATION_LEVEL = "-Onone";
			};
			name = Debug;
		};
		C8DE4D972474F67E009525D6 /* Release */ = {
			isa = XCBuildConfiguration;
			buildSettings = {
				ALWAYS_SEARCH_USER_PATHS = NO;
				CLANG_ANALYZER_NONNULL = YES;
				CLANG_ANALYZER_NUMBER_OBJECT_CONVERSION = YES_AGGRESSIVE;
				CLANG_CXX_LANGUAGE_STANDARD = "gnu++14";
				CLANG_CXX_LIBRARY = "libc++";
				CLANG_ENABLE_MODULES = YES;
				CLANG_ENABLE_OBJC_ARC = YES;
				CLANG_ENABLE_OBJC_WEAK = YES;
				CLANG_WARN_BLOCK_CAPTURE_AUTORELEASING = YES;
				CLANG_WARN_BOOL_CONVERSION = YES;
				CLANG_WARN_COMMA = YES;
				CLANG_WARN_CONSTANT_CONVERSION = YES;
				CLANG_WARN_DEPRECATED_OBJC_IMPLEMENTATIONS = YES;
				CLANG_WARN_DIRECT_OBJC_ISA_USAGE = YES_ERROR;
				CLANG_WARN_DOCUMENTATION_COMMENTS = YES;
				CLANG_WARN_EMPTY_BODY = YES;
				CLANG_WARN_ENUM_CONVERSION = YES;
				CLANG_WARN_INFINITE_RECURSION = YES;
				CLANG_WARN_INT_CONVERSION = YES;
				CLANG_WARN_NON_LITERAL_NULL_CONVERSION = YES;
				CLANG_WARN_OBJC_IMPLICIT_RETAIN_SELF = YES;
				CLANG_WARN_OBJC_LITERAL_CONVERSION = YES;
				CLANG_WARN_OBJC_ROOT_CLASS = YES_ERROR;
				CLANG_WARN_RANGE_LOOP_ANALYSIS = YES;
				CLANG_WARN_STRICT_PROTOTYPES = YES;
				CLANG_WARN_SUSPICIOUS_MOVE = YES;
				CLANG_WARN_UNGUARDED_AVAILABILITY = YES_AGGRESSIVE;
				CLANG_WARN_UNREACHABLE_CODE = YES;
				CLANG_WARN__DUPLICATE_METHOD_MATCH = YES;
				COPY_PHASE_STRIP = NO;
				DEBUG_INFORMATION_FORMAT = "dwarf-with-dsym";
				ENABLE_NS_ASSERTIONS = NO;
				ENABLE_STRICT_OBJC_MSGSEND = YES;
				GCC_C_LANGUAGE_STANDARD = gnu11;
				GCC_NO_COMMON_BLOCKS = YES;
				GCC_WARN_64_TO_32_BIT_CONVERSION = YES;
				GCC_WARN_ABOUT_RETURN_TYPE = YES_ERROR;
				GCC_WARN_UNDECLARED_SELECTOR = YES;
				GCC_WARN_UNINITIALIZED_AUTOS = YES_AGGRESSIVE;
				GCC_WARN_UNUSED_FUNCTION = YES;
				GCC_WARN_UNUSED_VARIABLE = YES;
				IPHONEOS_DEPLOYMENT_TARGET = 13.2;
				MTL_ENABLE_DEBUG_INFO = NO;
				MTL_FAST_MATH = YES;
				SDKROOT = iphoneos;
				SWIFT_COMPILATION_MODE = wholemodule;
				SWIFT_OPTIMIZATION_LEVEL = "-O";
				VALIDATE_PRODUCT = YES;
			};
			name = Release;
		};
		C8DE4D992474F67E009525D6 /* Debug */ = {
			isa = XCBuildConfiguration;
			buildSettings = {
				ASSETCATALOG_COMPILER_APPICON_NAME = AppIcon;
				CODE_SIGN_STYLE = Automatic;
				DEVELOPMENT_TEAM = EWKZX8YTGG;
				INFOPLIST_FILE = Internet/Info.plist;
				LD_RUNPATH_SEARCH_PATHS = (
					"$(inherited)",
					"@executable_path/Frameworks",
				);
				PRODUCT_BUNDLE_IDENTIFIER = pro.Internet;
				PRODUCT_NAME = "$(TARGET_NAME)";
				SWIFT_VERSION = 5.0;
				TARGETED_DEVICE_FAMILY = "1,2";
			};
			name = Debug;
		};
		C8DE4D9A2474F67E009525D6 /* Release */ = {
			isa = XCBuildConfiguration;
			buildSettings = {
				ASSETCATALOG_COMPILER_APPICON_NAME = AppIcon;
				CODE_SIGN_STYLE = Automatic;
				DEVELOPMENT_TEAM = EWKZX8YTGG;
				INFOPLIST_FILE = Internet/Info.plist;
				LD_RUNPATH_SEARCH_PATHS = (
					"$(inherited)",
					"@executable_path/Frameworks",
				);
				PRODUCT_BUNDLE_IDENTIFIER = pro.Internet;
				PRODUCT_NAME = "$(TARGET_NAME)";
				SWIFT_VERSION = 5.0;
				TARGETED_DEVICE_FAMILY = "1,2";
			};
			name = Release;
		};
/* End XCBuildConfiguration section */

/* Begin XCConfigurationList section */
		C8DE4D7F2474F67E009525D6 /* Build configuration list for PBXProject "Internet" */ = {
			isa = XCConfigurationList;
			buildConfigurations = (
				C8DE4D962474F67E009525D6 /* Debug */,
				C8DE4D972474F67E009525D6 /* Release */,
			);
			defaultConfigurationIsVisible = 0;
			defaultConfigurationName = Release;
		};
		C8DE4D982474F67E009525D6 /* Build configuration list for PBXNativeTarget "Internet" */ = {
			isa = XCConfigurationList;
			buildConfigurations = (
				C8DE4D992474F67E009525D6 /* Debug */,
				C8DE4D9A2474F67E009525D6 /* Release */,
			);
			defaultConfigurationIsVisible = 0;
			defaultConfigurationName = Release;
		};
/* End XCConfigurationList section */
	};
	rootObject = C8DE4D7C2474F67E009525D6 /* Project object */;
}
